// !$*UTF8*$!
{
	archiveVersion = 1;
	classes = {
	};
	objectVersion = 55;
	objects = {

/* Begin PBXBuildFile section */
		6BC10BFC28AA9F9A008B0496 /* AppDelegate.swift in Sources */ = {isa = PBXBuildFile; fileRef = 6BC10BFB28AA9F9A008B0496 /* AppDelegate.swift */; };
		6BC10BFE28AA9F9A008B0496 /* SceneDelegate.swift in Sources */ = {isa = PBXBuildFile; fileRef = 6BC10BFD28AA9F9A008B0496 /* SceneDelegate.swift */; };
		6BC10C0028AA9F9A008B0496 /* ListViewController.swift in Sources */ = {isa = PBXBuildFile; fileRef = 6BC10BFF28AA9F9A008B0496 /* ListViewController.swift */; };
		E7857C4C28B7FEAF00B0A3B0 /* AllListsViewController.swift in Sources */ = {isa = PBXBuildFile; fileRef = E7857C4B28B7FEAF00B0A3B0 /* AllListsViewController.swift */; };
		E7857C4E28B8007F00B0A3B0 /* ListDetailViewController.swift in Sources */ = {isa = PBXBuildFile; fileRef = E7857C4D28B8007F00B0A3B0 /* ListDetailViewController.swift */; };
		E7857C5028B81CA500B0A3B0 /* DataModel.swift in Sources */ = {isa = PBXBuildFile; fileRef = E7857C4F28B81CA500B0A3B0 /* DataModel.swift */; };
		E7857C5228B81CDC00B0A3B0 /* List.swift in Sources */ = {isa = PBXBuildFile; fileRef = E7857C5128B81CDC00B0A3B0 /* List.swift */; };
		E7857C5428B81DF800B0A3B0 /* ListItem.swift in Sources */ = {isa = PBXBuildFile; fileRef = E7857C5328B81DF800B0A3B0 /* ListItem.swift */; };
		E7857C5628B8214600B0A3B0 /* MainViewController.swift in Sources */ = {isa = PBXBuildFile; fileRef = E7857C5528B8214600B0A3B0 /* MainViewController.swift */; };
		E7857C5828B8285100B0A3B0 /* ListViewControllerDelegate.swift in Sources */ = {isa = PBXBuildFile; fileRef = E7857C5728B8285100B0A3B0 /* ListViewControllerDelegate.swift */; };
		E7857C5A28B828A000B0A3B0 /* ListDetailViewControllerDelegate.swift in Sources */ = {isa = PBXBuildFile; fileRef = E7857C5928B8289F00B0A3B0 /* ListDetailViewControllerDelegate.swift */; };
		E7857C5C28BA704500B0A3B0 /* ItemDetailViewController.swift in Sources */ = {isa = PBXBuildFile; fileRef = E7857C5B28BA704500B0A3B0 /* ItemDetailViewController.swift */; };
		E7857C5E28BA75E500B0A3B0 /* ItemDetailViewControllerDelegate.swift in Sources */ = {isa = PBXBuildFile; fileRef = E7857C5D28BA75E500B0A3B0 /* ItemDetailViewControllerDelegate.swift */; };
		E7857C6A28BD3C3E00B0A3B0 /* LaunchScreen.storyboard in Resources */ = {isa = PBXBuildFile; fileRef = E7857C6928BD3C3E00B0A3B0 /* LaunchScreen.storyboard */; };
		E792FE6828BD3D5C006DB1C0 /* Assets.xcassets in Resources */ = {isa = PBXBuildFile; fileRef = E792FE6728BD3D5C006DB1C0 /* Assets.xcassets */; };
		E7E8CA8328B4D78B00A82A69 /* ExtenSwift in Frameworks */ = {isa = PBXBuildFile; productRef = E7E8CA8228B4D78B00A82A69 /* ExtenSwift */; };
/* End PBXBuildFile section */

/* Begin PBXFileReference section */
		6BC10BF828AA9F9A008B0496 /* TryDo.app */ = {isa = PBXFileReference; explicitFileType = wrapper.application; includeInIndex = 0; path = TryDo.app; sourceTree = BUILT_PRODUCTS_DIR; };
		6BC10BFB28AA9F9A008B0496 /* AppDelegate.swift */ = {isa = PBXFileReference; lastKnownFileType = sourcecode.swift; path = AppDelegate.swift; sourceTree = "<group>"; };
		6BC10BFD28AA9F9A008B0496 /* SceneDelegate.swift */ = {isa = PBXFileReference; lastKnownFileType = sourcecode.swift; path = SceneDelegate.swift; sourceTree = "<group>"; };
		6BC10BFF28AA9F9A008B0496 /* ListViewController.swift */ = {isa = PBXFileReference; lastKnownFileType = sourcecode.swift; path = ListViewController.swift; sourceTree = "<group>"; };
		E7857C4B28B7FEAF00B0A3B0 /* AllListsViewController.swift */ = {isa = PBXFileReference; lastKnownFileType = sourcecode.swift; path = AllListsViewController.swift; sourceTree = "<group>"; };
		E7857C4D28B8007F00B0A3B0 /* ListDetailViewController.swift */ = {isa = PBXFileReference; lastKnownFileType = sourcecode.swift; path = ListDetailViewController.swift; sourceTree = "<group>"; };
		E7857C4F28B81CA500B0A3B0 /* DataModel.swift */ = {isa = PBXFileReference; lastKnownFileType = sourcecode.swift; path = DataModel.swift; sourceTree = "<group>"; };
		E7857C5128B81CDC00B0A3B0 /* List.swift */ = {isa = PBXFileReference; lastKnownFileType = sourcecode.swift; path = List.swift; sourceTree = "<group>"; };
		E7857C5328B81DF800B0A3B0 /* ListItem.swift */ = {isa = PBXFileReference; lastKnownFileType = sourcecode.swift; path = ListItem.swift; sourceTree = "<group>"; };
		E7857C5528B8214600B0A3B0 /* MainViewController.swift */ = {isa = PBXFileReference; lastKnownFileType = sourcecode.swift; path = MainViewController.swift; sourceTree = "<group>"; };
		E7857C5728B8285100B0A3B0 /* ListViewControllerDelegate.swift */ = {isa = PBXFileReference; lastKnownFileType = sourcecode.swift; path = ListViewControllerDelegate.swift; sourceTree = "<group>"; };
		E7857C5928B8289F00B0A3B0 /* ListDetailViewControllerDelegate.swift */ = {isa = PBXFileReference; lastKnownFileType = sourcecode.swift; path = ListDetailViewControllerDelegate.swift; sourceTree = "<group>"; };
		E7857C5B28BA704500B0A3B0 /* ItemDetailViewController.swift */ = {isa = PBXFileReference; lastKnownFileType = sourcecode.swift; path = ItemDetailViewController.swift; sourceTree = "<group>"; };
		E7857C5D28BA75E500B0A3B0 /* ItemDetailViewControllerDelegate.swift */ = {isa = PBXFileReference; lastKnownFileType = sourcecode.swift; path = ItemDetailViewControllerDelegate.swift; sourceTree = "<group>"; };
		E7857C6328BD327E00B0A3B0 /* Info.plist */ = {isa = PBXFileReference; lastKnownFileType = text.plist.xml; name = Info.plist; path = "/Users/abeldemoz/Desktop/xcode-projects/TryDo/TryDo/TryDo/Info.plist"; sourceTree = "<absolute>"; };
		E7857C6928BD3C3E00B0A3B0 /* LaunchScreen.storyboard */ = {isa = PBXFileReference; lastKnownFileType = file.storyboard; path = LaunchScreen.storyboard; sourceTree = "<group>"; };
		E792FE6728BD3D5C006DB1C0 /* Assets.xcassets */ = {isa = PBXFileReference; lastKnownFileType = folder.assetcatalog; path = Assets.xcassets; sourceTree = "<group>"; };
/* End PBXFileReference section */

/* Begin PBXFrameworksBuildPhase section */
		6BC10BF528AA9F9A008B0496 /* Frameworks */ = {
			isa = PBXFrameworksBuildPhase;
			buildActionMask = 2147483647;
			files = (
				E7E8CA8328B4D78B00A82A69 /* ExtenSwift in Frameworks */,
			);
			runOnlyForDeploymentPostprocessing = 0;
		};
/* End PBXFrameworksBuildPhase section */

/* Begin PBXGroup section */
		6BC10BEF28AA9F9A008B0496 = {
			isa = PBXGroup;
			children = (
				6BC10BFA28AA9F9A008B0496 /* TryDo */,
				6BC10BF928AA9F9A008B0496 /* Products */,
			);
			sourceTree = "<group>";
		};
		6BC10BF928AA9F9A008B0496 /* Products */ = {
			isa = PBXGroup;
			children = (
				6BC10BF828AA9F9A008B0496 /* TryDo.app */,
			);
			name = Products;
			sourceTree = "<group>";
		};
		6BC10BFA28AA9F9A008B0496 /* TryDo */ = {
			isa = PBXGroup;
			children = (
				E7857C5F28BD31E100B0A3B0 /* Delegates */,
				E7857C6128BD324100B0A3B0 /* Other */,
				E7857C6028BD320400B0A3B0 /* ViewControllers */,
				E7857C6328BD327E00B0A3B0 /* Info.plist */,
				E7857C6928BD3C3E00B0A3B0 /* LaunchScreen.storyboard */,
				E792FE6728BD3D5C006DB1C0 /* Assets.xcassets */,
			);
			path = TryDo;
			sourceTree = "<group>";
		};
		E7857C5F28BD31E100B0A3B0 /* Delegates */ = {
			isa = PBXGroup;
			children = (
				6BC10BFB28AA9F9A008B0496 /* AppDelegate.swift */,
				6BC10BFD28AA9F9A008B0496 /* SceneDelegate.swift */,
				E7857C5728B8285100B0A3B0 /* ListViewControllerDelegate.swift */,
				E7857C5928B8289F00B0A3B0 /* ListDetailViewControllerDelegate.swift */,
				E7857C5D28BA75E500B0A3B0 /* ItemDetailViewControllerDelegate.swift */,
			);
			path = Delegates;
			sourceTree = "<group>";
		};
		E7857C6028BD320400B0A3B0 /* ViewControllers */ = {
			isa = PBXGroup;
			children = (
				E7857C4B28B7FEAF00B0A3B0 /* AllListsViewController.swift */,
				E7857C5B28BA704500B0A3B0 /* ItemDetailViewController.swift */,
				E7857C4D28B8007F00B0A3B0 /* ListDetailViewController.swift */,
				6BC10BFF28AA9F9A008B0496 /* ListViewController.swift */,
				E7857C5528B8214600B0A3B0 /* MainViewController.swift */,
			);
			path = ViewControllers;
			sourceTree = "<group>";
		};
		E7857C6128BD324100B0A3B0 /* Other */ = {
			isa = PBXGroup;
			children = (
				E7857C4F28B81CA500B0A3B0 /* DataModel.swift */,
				E7857C5128B81CDC00B0A3B0 /* List.swift */,
				E7857C5328B81DF800B0A3B0 /* ListItem.swift */,
			);
			path = Other;
			sourceTree = "<group>";
		};
/* End PBXGroup section */

/* Begin PBXNativeTarget section */
		6BC10BF728AA9F9A008B0496 /* TryDo */ = {
			isa = PBXNativeTarget;
			buildConfigurationList = 6BC10C0C28AA9F9C008B0496 /* Build configuration list for PBXNativeTarget "TryDo" */;
			buildPhases = (
				6BC10BF428AA9F9A008B0496 /* Sources */,
				6BC10BF528AA9F9A008B0496 /* Frameworks */,
				6BC10BF628AA9F9A008B0496 /* Resources */,
			);
			buildRules = (
			);
			dependencies = (
			);
			name = TryDo;
			packageProductDependencies = (
				E7E8CA8228B4D78B00A82A69 /* ExtenSwift */,
			);
			productName = TryDo;
			productReference = 6BC10BF828AA9F9A008B0496 /* TryDo.app */;
			productType = "com.apple.product-type.application";
		};
/* End PBXNativeTarget section */

/* Begin PBXProject section */
		6BC10BF028AA9F9A008B0496 /* Project object */ = {
			isa = PBXProject;
			attributes = {
				BuildIndependentTargetsInParallel = 1;
				LastSwiftUpdateCheck = 1340;
				LastUpgradeCheck = 1340;
				TargetAttributes = {
					6BC10BF728AA9F9A008B0496 = {
						CreatedOnToolsVersion = 13.4.1;
					};
				};
			};
			buildConfigurationList = 6BC10BF328AA9F9A008B0496 /* Build configuration list for PBXProject "TryDo" */;
			compatibilityVersion = "Xcode 13.0";
			developmentRegion = en;
			hasScannedForEncodings = 0;
			knownRegions = (
				en,
				Base,
			);
			mainGroup = 6BC10BEF28AA9F9A008B0496;
			packageReferences = (
				E7E8CA8128B4D78B00A82A69 /* XCRemoteSwiftPackageReference "ExtenSwift" */,
			);
			productRefGroup = 6BC10BF928AA9F9A008B0496 /* Products */;
			projectDirPath = "";
			projectRoot = "";
			targets = (
				6BC10BF728AA9F9A008B0496 /* TryDo */,
			);
		};
/* End PBXProject section */

/* Begin PBXResourcesBuildPhase section */
		6BC10BF628AA9F9A008B0496 /* Resources */ = {
			isa = PBXResourcesBuildPhase;
			buildActionMask = 2147483647;
			files = (
				E792FE6828BD3D5C006DB1C0 /* Assets.xcassets in Resources */,
				E7857C6A28BD3C3E00B0A3B0 /* LaunchScreen.storyboard in Resources */,
			);
			runOnlyForDeploymentPostprocessing = 0;
		};
/* End PBXResourcesBuildPhase section */

/* Begin PBXSourcesBuildPhase section */
		6BC10BF428AA9F9A008B0496 /* Sources */ = {
			isa = PBXSourcesBuildPhase;
			buildActionMask = 2147483647;
			files = (
				6BC10C0028AA9F9A008B0496 /* ListViewController.swift in Sources */,
				6BC10BFC28AA9F9A008B0496 /* AppDelegate.swift in Sources */,
				E7857C5C28BA704500B0A3B0 /* ItemDetailViewController.swift in Sources */,
				E7857C5828B8285100B0A3B0 /* ListViewControllerDelegate.swift in Sources */,
				E7857C5228B81CDC00B0A3B0 /* List.swift in Sources */,
				E7857C4C28B7FEAF00B0A3B0 /* AllListsViewController.swift in Sources */,
				E7857C5428B81DF800B0A3B0 /* ListItem.swift in Sources */,
				6BC10BFE28AA9F9A008B0496 /* SceneDelegate.swift in Sources */,
				E7857C5A28B828A000B0A3B0 /* ListDetailViewControllerDelegate.swift in Sources */,
				E7857C5628B8214600B0A3B0 /* MainViewController.swift in Sources */,
				E7857C5E28BA75E500B0A3B0 /* ItemDetailViewControllerDelegate.swift in Sources */,
				E7857C4E28B8007F00B0A3B0 /* ListDetailViewController.swift in Sources */,
				E7857C5028B81CA500B0A3B0 /* DataModel.swift in Sources */,
			);
			runOnlyForDeploymentPostprocessing = 0;
		};
/* End PBXSourcesBuildPhase section */

/* Begin XCBuildConfiguration section */
		6BC10C0A28AA9F9C008B0496 /* Debug */ = {
			isa = XCBuildConfiguration;
			buildSettings = {
				ALWAYS_SEARCH_USER_PATHS = NO;
				CLANG_ANALYZER_NONNULL = YES;
				CLANG_ANALYZER_NUMBER_OBJECT_CONVERSION = YES_AGGRESSIVE;
				CLANG_CXX_LANGUAGE_STANDARD = "gnu++17";
				CLANG_ENABLE_MODULES = YES;
				CLANG_ENABLE_OBJC_ARC = YES;
				CLANG_ENABLE_OBJC_WEAK = YES;
				CLANG_WARN_BLOCK_CAPTURE_AUTORELEASING = YES;
				CLANG_WARN_BOOL_CONVERSION = YES;
				CLANG_WARN_COMMA = YES;
				CLANG_WARN_CONSTANT_CONVERSION = YES;
				CLANG_WARN_DEPRECATED_OBJC_IMPLEMENTATIONS = YES;
				CLANG_WARN_DIRECT_OBJC_ISA_USAGE = YES_ERROR;
				CLANG_WARN_DOCUMENTATION_COMMENTS = YES;
				CLANG_WARN_EMPTY_BODY = YES;
				CLANG_WARN_ENUM_CONVERSION = YES;
				CLANG_WARN_INFINITE_RECURSION = YES;
				CLANG_WARN_INT_CONVERSION = YES;
				CLANG_WARN_NON_LITERAL_NULL_CONVERSION = YES;
				CLANG_WARN_OBJC_IMPLICIT_RETAIN_SELF = YES;
				CLANG_WARN_OBJC_LITERAL_CONVERSION = YES;
				CLANG_WARN_OBJC_ROOT_CLASS = YES_ERROR;
				CLANG_WARN_QUOTED_INCLUDE_IN_FRAMEWORK_HEADER = YES;
				CLANG_WARN_RANGE_LOOP_ANALYSIS = YES;
				CLANG_WARN_STRICT_PROTOTYPES = YES;
				CLANG_WARN_SUSPICIOUS_MOVE = YES;
				CLANG_WARN_UNGUARDED_AVAILABILITY = YES_AGGRESSIVE;
				CLANG_WARN_UNREACHABLE_CODE = YES;
				CLANG_WARN__DUPLICATE_METHOD_MATCH = YES;
				COPY_PHASE_STRIP = NO;
				DEBUG_INFORMATION_FORMAT = dwarf;
				ENABLE_STRICT_OBJC_MSGSEND = YES;
				ENABLE_TESTABILITY = YES;
				GCC_C_LANGUAGE_STANDARD = gnu11;
				GCC_DYNAMIC_NO_PIC = NO;
				GCC_NO_COMMON_BLOCKS = YES;
				GCC_OPTIMIZATION_LEVEL = 0;
				GCC_PREPROCESSOR_DEFINITIONS = (
					"DEBUG=1",
					"$(inherited)",
				);
				GCC_WARN_64_TO_32_BIT_CONVERSION = YES;
				GCC_WARN_ABOUT_RETURN_TYPE = YES_ERROR;
				GCC_WARN_UNDECLARED_SELECTOR = YES;
				GCC_WARN_UNINITIALIZED_AUTOS = YES_AGGRESSIVE;
				GCC_WARN_UNUSED_FUNCTION = YES;
				GCC_WARN_UNUSED_VARIABLE = YES;
				IPHONEOS_DEPLOYMENT_TARGET = 15.5;
				MTL_ENABLE_DEBUG_INFO = INCLUDE_SOURCE;
				MTL_FAST_MATH = YES;
				ONLY_ACTIVE_ARCH = YES;
				SDKROOT = iphoneos;
				SWIFT_ACTIVE_COMPILATION_CONDITIONS = DEBUG;
				SWIFT_OPTIMIZATION_LEVEL = "-Onone";
			};
			name = Debug;
		};
		6BC10C0B28AA9F9C008B0496 /* Release */ = {
			isa = XCBuildConfiguration;
			buildSettings = {
				ALWAYS_SEARCH_USER_PATHS = NO;
				CLANG_ANALYZER_NONNULL = YES;
				CLANG_ANALYZER_NUMBER_OBJECT_CONVERSION = YES_AGGRESSIVE;
				CLANG_CXX_LANGUAGE_STANDARD = "gnu++17";
				CLANG_ENABLE_MODULES = YES;
				CLANG_ENABLE_OBJC_ARC = YES;
				CLANG_ENABLE_OBJC_WEAK = YES;
				CLANG_WARN_BLOCK_CAPTURE_AUTORELEASING = YES;
				CLANG_WARN_BOOL_CONVERSION = YES;
				CLANG_WARN_COMMA = YES;
				CLANG_WARN_CONSTANT_CONVERSION = YES;
				CLANG_WARN_DEPRECATED_OBJC_IMPLEMENTATIONS = YES;
				CLANG_WARN_DIRECT_OBJC_ISA_USAGE = YES_ERROR;
				CLANG_WARN_DOCUMENTATION_COMMENTS = YES;
				CLANG_WARN_EMPTY_BODY = YES;
				CLANG_WARN_ENUM_CONVERSION = YES;
				CLANG_WARN_INFINITE_RECURSION = YES;
				CLANG_WARN_INT_CONVERSION = YES;
				CLANG_WARN_NON_LITERAL_NULL_CONVERSION = YES;
				CLANG_WARN_OBJC_IMPLICIT_RETAIN_SELF = YES;
				CLANG_WARN_OBJC_LITERAL_CONVERSION = YES;
				CLANG_WARN_OBJC_ROOT_CLASS = YES_ERROR;
				CLANG_WARN_QUOTED_INCLUDE_IN_FRAMEWORK_HEADER = YES;
				CLANG_WARN_RANGE_LOOP_ANALYSIS = YES;
				CLANG_WARN_STRICT_PROTOTYPES = YES;
				CLANG_WARN_SUSPICIOUS_MOVE = YES;
				CLANG_WARN_UNGUARDED_AVAILABILITY = YES_AGGRESSIVE;
				CLANG_WARN_UNREACHABLE_CODE = YES;
				CLANG_WARN__DUPLICATE_METHOD_MATCH = YES;
				COPY_PHASE_STRIP = NO;
				DEBUG_INFORMATION_FORMAT = "dwarf-with-dsym";
				ENABLE_NS_ASSERTIONS = NO;
				ENABLE_STRICT_OBJC_MSGSEND = YES;
				GCC_C_LANGUAGE_STANDARD = gnu11;
				GCC_NO_COMMON_BLOCKS = YES;
				GCC_WARN_64_TO_32_BIT_CONVERSION = YES;
				GCC_WARN_ABOUT_RETURN_TYPE = YES_ERROR;
				GCC_WARN_UNDECLARED_SELECTOR = YES;
				GCC_WARN_UNINITIALIZED_AUTOS = YES_AGGRESSIVE;
				GCC_WARN_UNUSED_FUNCTION = YES;
				GCC_WARN_UNUSED_VARIABLE = YES;
				IPHONEOS_DEPLOYMENT_TARGET = 15.5;
				MTL_ENABLE_DEBUG_INFO = NO;
				MTL_FAST_MATH = YES;
				SDKROOT = iphoneos;
				SWIFT_COMPILATION_MODE = wholemodule;
				SWIFT_OPTIMIZATION_LEVEL = "-O";
				VALIDATE_PRODUCT = YES;
			};
			name = Release;
		};
		6BC10C0D28AA9F9C008B0496 /* Debug */ = {
			isa = XCBuildConfiguration;
			buildSettings = {
				ASSETCATALOG_COMPILER_APPICON_NAME = AppIcon;
				ASSETCATALOG_COMPILER_GLOBAL_ACCENT_COLOR_NAME = AccentColor;
				CODE_SIGN_STYLE = Automatic;
				CURRENT_PROJECT_VERSION = 1;
				DEVELOPMENT_TEAM = 3AXKU8L58Q;
				GENERATE_INFOPLIST_FILE = YES;
				INFOPLIST_FILE = TryDo/Info.plist;
				INFOPLIST_KEY_UIApplicationSupportsIndirectInputEvents = YES;
				INFOPLIST_KEY_UILaunchStoryboardName = LaunchScreen;
				INFOPLIST_KEY_UISupportedInterfaceOrientations_iPad = "UIInterfaceOrientationPortrait UIInterfaceOrientationPortraitUpsideDown UIInterfaceOrientationLandscapeLeft UIInterfaceOrientationLandscapeRight";
				INFOPLIST_KEY_UISupportedInterfaceOrientations_iPhone = "UIInterfaceOrientationPortrait UIInterfaceOrientationLandscapeLeft UIInterfaceOrientationLandscapeRight";
				LD_RUNPATH_SEARCH_PATHS = (
					"$(inherited)",
					"@executable_path/Frameworks",
				);
				MARKETING_VERSION = 1.0;
				PRODUCT_BUNDLE_IDENTIFIER = com.kryspinsaro.TryDo;
				PRODUCT_NAME = "$(TARGET_NAME)";
				SWIFT_EMIT_LOC_STRINGS = YES;
				SWIFT_VERSION = 5.0;
				TARGETED_DEVICE_FAMILY = "1,2";
			};
			name = Debug;
		};
		6BC10C0E28AA9F9C008B0496 /* Release */ = {
			isa = XCBuildConfiguration;
			buildSettings = {
				ASSETCATALOG_COMPILER_APPICON_NAME = AppIcon;
				ASSETCATALOG_COMPILER_GLOBAL_ACCENT_COLOR_NAME = AccentColor;
				CODE_SIGN_STYLE = Automatic;
				CURRENT_PROJECT_VERSION = 1;
				DEVELOPMENT_TEAM = 3AXKU8L58Q;
				GENERATE_INFOPLIST_FILE = YES;
				INFOPLIST_FILE = TryDo/Info.plist;
				INFOPLIST_KEY_UIApplicationSupportsIndirectInputEvents = YES;
				INFOPLIST_KEY_UILaunchStoryboardName = LaunchScreen;
				INFOPLIST_KEY_UISupportedInterfaceOrientations_iPad = "UIInterfaceOrientationPortrait UIInterfaceOrientationPortraitUpsideDown UIInterfaceOrientationLandscapeLeft UIInterfaceOrientationLandscapeRight";
				INFOPLIST_KEY_UISupportedInterfaceOrientations_iPhone = "UIInterfaceOrientationPortrait UIInterfaceOrientationLandscapeLeft UIInterfaceOrientationLandscapeRight";
				LD_RUNPATH_SEARCH_PATHS = (
					"$(inherited)",
					"@executable_path/Frameworks",
				);
				MARKETING_VERSION = 1.0;
				PRODUCT_BUNDLE_IDENTIFIER = com.kryspinsaro.TryDo;
				PRODUCT_NAME = "$(TARGET_NAME)";
				SWIFT_EMIT_LOC_STRINGS = YES;
				SWIFT_VERSION = 5.0;
				TARGETED_DEVICE_FAMILY = "1,2";
			};
			name = Release;
		};
/* End XCBuildConfiguration section */

/* Begin XCConfigurationList section */
		6BC10BF328AA9F9A008B0496 /* Build configuration list for PBXProject "TryDo" */ = {
			isa = XCConfigurationList;
			buildConfigurations = (
				6BC10C0A28AA9F9C008B0496 /* Debug */,
				6BC10C0B28AA9F9C008B0496 /* Release */,
			);
			defaultConfigurationIsVisible = 0;
			defaultConfigurationName = Release;
		};
		6BC10C0C28AA9F9C008B0496 /* Build configuration list for PBXNativeTarget "TryDo" */ = {
			isa = XCConfigurationList;
			buildConfigurations = (
				6BC10C0D28AA9F9C008B0496 /* Debug */,
				6BC10C0E28AA9F9C008B0496 /* Release */,
			);
			defaultConfigurationIsVisible = 0;
			defaultConfigurationName = Release;
		};
/* End XCConfigurationList section */

/* Begin XCRemoteSwiftPackageReference section */
		E7E8CA8128B4D78B00A82A69 /* XCRemoteSwiftPackageReference "ExtenSwift" */ = {
			isa = XCRemoteSwiftPackageReference;
			repositoryURL = "git@github.com:abeldemoz/ExtenSwift.git";
			requirement = {
				kind = upToNextMajorVersion;
				minimumVersion = 1.0.0;
			};
		};
/* End XCRemoteSwiftPackageReference section */

/* Begin XCSwiftPackageProductDependency section */
		E7E8CA8228B4D78B00A82A69 /* ExtenSwift */ = {
			isa = XCSwiftPackageProductDependency;
			package = E7E8CA8128B4D78B00A82A69 /* XCRemoteSwiftPackageReference "ExtenSwift" */;
			productName = ExtenSwift;
		};
/* End XCSwiftPackageProductDependency section */
	};
	rootObject = 6BC10BF028AA9F9A008B0496 /* Project object */;
}
